// !$*UTF8*$!
{
	archiveVersion = 1;
	classes = {
	};
	objectVersion = 77;
	objects = {

/* Begin PBXContainerItemProxy section */
		FE9D59BD2CE617E300BEC115 /* PBXContainerItemProxy */ = {
			isa = PBXContainerItemProxy;
			containerPortal = FE9D59A32CE617E100BEC115 /* Project object */;
			proxyType = 1;
			remoteGlobalIDString = FE9D59AA2CE617E100BEC115;
			remoteInfo = "E.Z-Subtitles-for-Mac";
		};
		FE9D59C72CE617E300BEC115 /* PBXContainerItemProxy */ = {
			isa = PBXContainerItemProxy;
			containerPortal = FE9D59A32CE617E100BEC115 /* Project object */;
			proxyType = 1;
			remoteGlobalIDString = FE9D59AA2CE617E100BEC115;
			remoteInfo = "E.Z-Subtitles-for-Mac";
		};
/* End PBXContainerItemProxy section */

/* Begin PBXFileReference section */
		FE9D59AB2CE617E100BEC115 /* E.Z Subtitles for Mac.app */ = {isa = PBXFileReference; explicitFileType = wrapper.application; includeInIndex = 0; path = "E.Z Subtitles for Mac.app"; sourceTree = BUILT_PRODUCTS_DIR; };
		FE9D59BC2CE617E300BEC115 /* E.Z-Subtitles-for-MacTests.xctest */ = {isa = PBXFileReference; explicitFileType = wrapper.cfbundle; includeInIndex = 0; path = "E.Z-Subtitles-for-MacTests.xctest"; sourceTree = BUILT_PRODUCTS_DIR; };
		FE9D59C62CE617E300BEC115 /* E.Z-Subtitles-for-MacUITests.xctest */ = {isa = PBXFileReference; explicitFileType = wrapper.cfbundle; includeInIndex = 0; path = "E.Z-Subtitles-for-MacUITests.xctest"; sourceTree = BUILT_PRODUCTS_DIR; };
/* End PBXFileReference section */

/* Begin PBXFileSystemSynchronizedRootGroup section */
		FE9D59AD2CE617E100BEC115 /* E.Z-Subtitles-for-Mac */ = {
			isa = PBXFileSystemSynchronizedRootGroup;
			path = "E.Z-Subtitles-for-Mac";
			sourceTree = "<group>";
		};
		FE9D59BF2CE617E300BEC115 /* E.Z-Subtitles-for-MacTests */ = {
			isa = PBXFileSystemSynchronizedRootGroup;
			path = "E.Z-Subtitles-for-MacTests";
			sourceTree = "<group>";
		};
		FE9D59C92CE617E300BEC115 /* E.Z-Subtitles-for-MacUITests */ = {
			isa = PBXFileSystemSynchronizedRootGroup;
			path = "E.Z-Subtitles-for-MacUITests";
			sourceTree = "<group>";
		};
/* End PBXFileSystemSynchronizedRootGroup section */

/* Begin PBXFrameworksBuildPhase section */
		FE9D59A82CE617E100BEC115 /* Frameworks */ = {
			isa = PBXFrameworksBuildPhase;
			buildActionMask = 2147483647;
			files = (
			);
			runOnlyForDeploymentPostprocessing = 0;
		};
		FE9D59B92CE617E300BEC115 /* Frameworks */ = {
			isa = PBXFrameworksBuildPhase;
			buildActionMask = 2147483647;
			files = (
			);
			runOnlyForDeploymentPostprocessing = 0;
		};
		FE9D59C32CE617E300BEC115 /* Frameworks */ = {
			isa = PBXFrameworksBuildPhase;
			buildActionMask = 2147483647;
			files = (
			);
			runOnlyForDeploymentPostprocessing = 0;
		};
/* End PBXFrameworksBuildPhase section */

/* Begin PBXGroup section */
		FE9D59A22CE617E100BEC115 = {
			isa = PBXGroup;
			children = (
				FE9D59AD2CE617E100BEC115 /* E.Z-Subtitles-for-Mac */,
				FE9D59BF2CE617E300BEC115 /* E.Z-Subtitles-for-MacTests */,
				FE9D59C92CE617E300BEC115 /* E.Z-Subtitles-for-MacUITests */,
				FE9D59AC2CE617E100BEC115 /* Products */,
			);
			sourceTree = "<group>";
		};
		FE9D59AC2CE617E100BEC115 /* Products */ = {
			isa = PBXGroup;
			children = (
				FE9D59AB2CE617E100BEC115 /* E.Z Subtitles for Mac.app */,
				FE9D59BC2CE617E300BEC115 /* E.Z-Subtitles-for-MacTests.xctest */,
				FE9D59C62CE617E300BEC115 /* E.Z-Subtitles-for-MacUITests.xctest */,
			);
			name = Products;
			sourceTree = "<group>";
		};
/* End PBXGroup section */

/* Begin PBXNativeTarget section */
		FE9D59AA2CE617E100BEC115 /* E.Z Subtitles for Mac */ = {
			isa = PBXNativeTarget;
			buildConfigurationList = FE9D59D02CE617E300BEC115 /* Build configuration list for PBXNativeTarget "E.Z Subtitles for Mac" */;
			buildPhases = (
				FE9D59A72CE617E100BEC115 /* Sources */,
				FE9D59A82CE617E100BEC115 /* Frameworks */,
				FE9D59A92CE617E100BEC115 /* Resources */,
			);
			buildRules = (
			);
			dependencies = (
			);
			fileSystemSynchronizedGroups = (
				FE9D59AD2CE617E100BEC115 /* E.Z-Subtitles-for-Mac */,
			);
			name = "E.Z Subtitles for Mac";
			packageProductDependencies = (
			);
			productName = "E.Z-Subtitles-for-Mac";
			productReference = FE9D59AB2CE617E100BEC115 /* E.Z Subtitles for Mac.app */;
			productType = "com.apple.product-type.application";
		};
		FE9D59BB2CE617E300BEC115 /* E.Z-Subtitles-for-MacTests */ = {
			isa = PBXNativeTarget;
			buildConfigurationList = FE9D59D32CE617E300BEC115 /* Build configuration list for PBXNativeTarget "E.Z-Subtitles-for-MacTests" */;
			buildPhases = (
				FE9D59B82CE617E300BEC115 /* Sources */,
				FE9D59B92CE617E300BEC115 /* Frameworks */,
				FE9D59BA2CE617E300BEC115 /* Resources */,
			);
			buildRules = (
			);
			dependencies = (
				FE9D59BE2CE617E300BEC115 /* PBXTargetDependency */,
			);
			fileSystemSynchronizedGroups = (
				FE9D59BF2CE617E300BEC115 /* E.Z-Subtitles-for-MacTests */,
			);
			name = "E.Z-Subtitles-for-MacTests";
			packageProductDependencies = (
			);
			productName = "E.Z-Subtitles-for-MacTests";
			productReference = FE9D59BC2CE617E300BEC115 /* E.Z-Subtitles-for-MacTests.xctest */;
			productType = "com.apple.product-type.bundle.unit-test";
		};
		FE9D59C52CE617E300BEC115 /* E.Z-Subtitles-for-MacUITests */ = {
			isa = PBXNativeTarget;
			buildConfigurationList = FE9D59D62CE617E300BEC115 /* Build configuration list for PBXNativeTarget "E.Z-Subtitles-for-MacUITests" */;
			buildPhases = (
				FE9D59C22CE617E300BEC115 /* Sources */,
				FE9D59C32CE617E300BEC115 /* Frameworks */,
				FE9D59C42CE617E300BEC115 /* Resources */,
			);
			buildRules = (
			);
			dependencies = (
				FE9D59C82CE617E300BEC115 /* PBXTargetDependency */,
			);
			fileSystemSynchronizedGroups = (
				FE9D59C92CE617E300BEC115 /* E.Z-Subtitles-for-MacUITests */,
			);
			name = "E.Z-Subtitles-for-MacUITests";
			packageProductDependencies = (
			);
			productName = "E.Z-Subtitles-for-MacUITests";
			productReference = FE9D59C62CE617E300BEC115 /* E.Z-Subtitles-for-MacUITests.xctest */;
			productType = "com.apple.product-type.bundle.ui-testing";
		};
/* End PBXNativeTarget section */

/* Begin PBXProject section */
		FE9D59A32CE617E100BEC115 /* Project object */ = {
			isa = PBXProject;
			attributes = {
				BuildIndependentTargetsInParallel = 1;
				LastSwiftUpdateCheck = 1610;
				LastUpgradeCheck = 1610;
				TargetAttributes = {
					FE9D59AA2CE617E100BEC115 = {
						CreatedOnToolsVersion = 16.1;
					};
					FE9D59BB2CE617E300BEC115 = {
						CreatedOnToolsVersion = 16.1;
						TestTargetID = FE9D59AA2CE617E100BEC115;
					};
					FE9D59C52CE617E300BEC115 = {
						CreatedOnToolsVersion = 16.1;
						TestTargetID = FE9D59AA2CE617E100BEC115;
					};
				};
			};
			buildConfigurationList = FE9D59A62CE617E100BEC115 /* Build configuration list for PBXProject "E.Z-Subtitles-for-Mac" */;
			developmentRegion = en;
			hasScannedForEncodings = 0;
			knownRegions = (
				en,
				Base,
			);
			mainGroup = FE9D59A22CE617E100BEC115;
			minimizedProjectReferenceProxies = 1;
			preferredProjectObjectVersion = 77;
			productRefGroup = FE9D59AC2CE617E100BEC115 /* Products */;
			projectDirPath = "";
			projectRoot = "";
			targets = (
				FE9D59AA2CE617E100BEC115 /* E.Z Subtitles for Mac */,
				FE9D59BB2CE617E300BEC115 /* E.Z-Subtitles-for-MacTests */,
				FE9D59C52CE617E300BEC115 /* E.Z-Subtitles-for-MacUITests */,
			);
		};
/* End PBXProject section */

/* Begin PBXResourcesBuildPhase section */
		FE9D59A92CE617E100BEC115 /* Resources */ = {
			isa = PBXResourcesBuildPhase;
			buildActionMask = 2147483647;
			files = (
			);
			runOnlyForDeploymentPostprocessing = 0;
		};
		FE9D59BA2CE617E300BEC115 /* Resources */ = {
			isa = PBXResourcesBuildPhase;
			buildActionMask = 2147483647;
			files = (
			);
			runOnlyForDeploymentPostprocessing = 0;
		};
		FE9D59C42CE617E300BEC115 /* Resources */ = {
			isa = PBXResourcesBuildPhase;
			buildActionMask = 2147483647;
			files = (
			);
			runOnlyForDeploymentPostprocessing = 0;
		};
/* End PBXResourcesBuildPhase section */

/* Begin PBXSourcesBuildPhase section */
		FE9D59A72CE617E100BEC115 /* Sources */ = {
			isa = PBXSourcesBuildPhase;
			buildActionMask = 2147483647;
			files = (
			);
			runOnlyForDeploymentPostprocessing = 0;
		};
		FE9D59B82CE617E300BEC115 /* Sources */ = {
			isa = PBXSourcesBuildPhase;
			buildActionMask = 2147483647;
			files = (
			);
			runOnlyForDeploymentPostprocessing = 0;
		};
		FE9D59C22CE617E300BEC115 /* Sources */ = {
			isa = PBXSourcesBuildPhase;
			buildActionMask = 2147483647;
			files = (
			);
			runOnlyForDeploymentPostprocessing = 0;
		};
/* End PBXSourcesBuildPhase section */

/* Begin PBXTargetDependency section */
		FE9D59BE2CE617E300BEC115 /* PBXTargetDependency */ = {
			isa = PBXTargetDependency;
			target = FE9D59AA2CE617E100BEC115 /* E.Z Subtitles for Mac */;
			targetProxy = FE9D59BD2CE617E300BEC115 /* PBXContainerItemProxy */;
		};
		FE9D59C82CE617E300BEC115 /* PBXTargetDependency */ = {
			isa = PBXTargetDependency;
			target = FE9D59AA2CE617E100BEC115 /* E.Z Subtitles for Mac */;
			targetProxy = FE9D59C72CE617E300BEC115 /* PBXContainerItemProxy */;
		};
/* End PBXTargetDependency section */

/* Begin XCBuildConfiguration section */
		FE9D59CE2CE617E300BEC115 /* Debug */ = {
			isa = XCBuildConfiguration;
			buildSettings = {
				ALWAYS_SEARCH_USER_PATHS = NO;
				ASSETCATALOG_COMPILER_GENERATE_SWIFT_ASSET_SYMBOL_EXTENSIONS = YES;
				CLANG_ANALYZER_NONNULL = YES;
				CLANG_ANALYZER_NUMBER_OBJECT_CONVERSION = YES_AGGRESSIVE;
				CLANG_CXX_LANGUAGE_STANDARD = "gnu++20";
				CLANG_ENABLE_MODULES = YES;
				CLANG_ENABLE_OBJC_ARC = YES;
				CLANG_ENABLE_OBJC_WEAK = YES;
				CLANG_WARN_BLOCK_CAPTURE_AUTORELEASING = YES;
				CLANG_WARN_BOOL_CONVERSION = YES;
				CLANG_WARN_COMMA = YES;
				CLANG_WARN_CONSTANT_CONVERSION = YES;
				CLANG_WARN_DEPRECATED_OBJC_IMPLEMENTATIONS = YES;
				CLANG_WARN_DIRECT_OBJC_ISA_USAGE = YES_ERROR;
				CLANG_WARN_DOCUMENTATION_COMMENTS = YES;
				CLANG_WARN_EMPTY_BODY = YES;
				CLANG_WARN_ENUM_CONVERSION = YES;
				CLANG_WARN_INFINITE_RECURSION = YES;
				CLANG_WARN_INT_CONVERSION = YES;
				CLANG_WARN_NON_LITERAL_NULL_CONVERSION = YES;
				CLANG_WARN_OBJC_IMPLICIT_RETAIN_SELF = YES;
				CLANG_WARN_OBJC_LITERAL_CONVERSION = YES;
				CLANG_WARN_OBJC_ROOT_CLASS = YES_ERROR;
				CLANG_WARN_QUOTED_INCLUDE_IN_FRAMEWORK_HEADER = YES;
				CLANG_WARN_RANGE_LOOP_ANALYSIS = YES;
				CLANG_WARN_STRICT_PROTOTYPES = YES;
				CLANG_WARN_SUSPICIOUS_MOVE = YES;
				CLANG_WARN_UNGUARDED_AVAILABILITY = YES_AGGRESSIVE;
				CLANG_WARN_UNREACHABLE_CODE = YES;
				CLANG_WARN__DUPLICATE_METHOD_MATCH = YES;
				COPY_PHASE_STRIP = NO;
				DEBUG_INFORMATION_FORMAT = dwarf;
				ENABLE_STRICT_OBJC_MSGSEND = YES;
				ENABLE_TESTABILITY = YES;
				ENABLE_USER_SCRIPT_SANDBOXING = YES;
				GCC_C_LANGUAGE_STANDARD = gnu17;
				GCC_DYNAMIC_NO_PIC = NO;
				GCC_NO_COMMON_BLOCKS = YES;
				GCC_OPTIMIZATION_LEVEL = 0;
				GCC_PREPROCESSOR_DEFINITIONS = (
					"DEBUG=1",
					"$(inherited)",
				);
				GCC_WARN_64_TO_32_BIT_CONVERSION = YES;
				GCC_WARN_ABOUT_RETURN_TYPE = YES_ERROR;
				GCC_WARN_UNDECLARED_SELECTOR = YES;
				GCC_WARN_UNINITIALIZED_AUTOS = YES_AGGRESSIVE;
				GCC_WARN_UNUSED_FUNCTION = YES;
				GCC_WARN_UNUSED_VARIABLE = YES;
				LOCALIZATION_PREFERS_STRING_CATALOGS = YES;
				MACOSX_DEPLOYMENT_TARGET = 15.1;
				MTL_ENABLE_DEBUG_INFO = INCLUDE_SOURCE;
				MTL_FAST_MATH = YES;
				ONLY_ACTIVE_ARCH = YES;
				SDKROOT = macosx;
				SWIFT_ACTIVE_COMPILATION_CONDITIONS = "DEBUG $(inherited)";
				SWIFT_OPTIMIZATION_LEVEL = "-Onone";
			};
			name = Debug;
		};
		FE9D59CF2CE617E300BEC115 /* Release */ = {
			isa = XCBuildConfiguration;
			buildSettings = {
				ALWAYS_SEARCH_USER_PATHS = NO;
				ASSETCATALOG_COMPILER_GENERATE_SWIFT_ASSET_SYMBOL_EXTENSIONS = YES;
				CLANG_ANALYZER_NONNULL = YES;
				CLANG_ANALYZER_NUMBER_OBJECT_CONVERSION = YES_AGGRESSIVE;
				CLANG_CXX_LANGUAGE_STANDARD = "gnu++20";
				CLANG_ENABLE_MODULES = YES;
				CLANG_ENABLE_OBJC_ARC = YES;
				CLANG_ENABLE_OBJC_WEAK = YES;
				CLANG_WARN_BLOCK_CAPTURE_AUTORELEASING = YES;
				CLANG_WARN_BOOL_CONVERSION = YES;
				CLANG_WARN_COMMA = YES;
				CLANG_WARN_CONSTANT_CONVERSION = YES;
				CLANG_WARN_DEPRECATED_OBJC_IMPLEMENTATIONS = YES;
				CLANG_WARN_DIRECT_OBJC_ISA_USAGE = YES_ERROR;
				CLANG_WARN_DOCUMENTATION_COMMENTS = YES;
				CLANG_WARN_EMPTY_BODY = YES;
				CLANG_WARN_ENUM_CONVERSION = YES;
				CLANG_WARN_INFINITE_RECURSION = YES;
				CLANG_WARN_INT_CONVERSION = YES;
				CLANG_WARN_NON_LITERAL_NULL_CONVERSION = YES;
				CLANG_WARN_OBJC_IMPLICIT_RETAIN_SELF = YES;
				CLANG_WARN_OBJC_LITERAL_CONVERSION = YES;
				CLANG_WARN_OBJC_ROOT_CLASS = YES_ERROR;
				CLANG_WARN_QUOTED_INCLUDE_IN_FRAMEWORK_HEADER = YES;
				CLANG_WARN_RANGE_LOOP_ANALYSIS = YES;
				CLANG_WARN_STRICT_PROTOTYPES = YES;
				CLANG_WARN_SUSPICIOUS_MOVE = YES;
				CLANG_WARN_UNGUARDED_AVAILABILITY = YES_AGGRESSIVE;
				CLANG_WARN_UNREACHABLE_CODE = YES;
				CLANG_WARN__DUPLICATE_METHOD_MATCH = YES;
				COPY_PHASE_STRIP = NO;
				DEBUG_INFORMATION_FORMAT = "dwarf-with-dsym";
				ENABLE_NS_ASSERTIONS = NO;
				ENABLE_STRICT_OBJC_MSGSEND = YES;
				ENABLE_USER_SCRIPT_SANDBOXING = YES;
				GCC_C_LANGUAGE_STANDARD = gnu17;
				GCC_NO_COMMON_BLOCKS = YES;
				GCC_WARN_64_TO_32_BIT_CONVERSION = YES;
				GCC_WARN_ABOUT_RETURN_TYPE = YES_ERROR;
				GCC_WARN_UNDECLARED_SELECTOR = YES;
				GCC_WARN_UNINITIALIZED_AUTOS = YES_AGGRESSIVE;
				GCC_WARN_UNUSED_FUNCTION = YES;
				GCC_WARN_UNUSED_VARIABLE = YES;
				LOCALIZATION_PREFERS_STRING_CATALOGS = YES;
				MACOSX_DEPLOYMENT_TARGET = 15.1;
				MTL_ENABLE_DEBUG_INFO = NO;
				MTL_FAST_MATH = YES;
				SDKROOT = macosx;
				SWIFT_COMPILATION_MODE = wholemodule;
			};
			name = Release;
		};
		FE9D59D12CE617E300BEC115 /* Debug */ = {
			isa = XCBuildConfiguration;
			buildSettings = {
				ASSETCATALOG_COMPILER_APPICON_NAME = AppIcon;
				ASSETCATALOG_COMPILER_GLOBAL_ACCENT_COLOR_NAME = AccentColor;
				ASSETCATALOG_COMPILER_INCLUDE_ALL_APPICON_ASSETS = NO;
				CODE_SIGN_ENTITLEMENTS = "E.Z-Subtitles-for-Mac/E_Z_Subtitles_for_Mac.entitlements";
				"CODE_SIGN_IDENTITY[sdk=macosx*]" = "-";
				CODE_SIGN_STYLE = Automatic;
				COMBINE_HIDPI_IMAGES = YES;
				CURRENT_PROJECT_VERSION = 1;
				DEVELOPMENT_ASSET_PATHS = "\"E.Z-Subtitles-for-Mac/Preview Content\"";
				DEVELOPMENT_TEAM = "";
				ENABLE_PREVIEWS = YES;
				GENERATE_INFOPLIST_FILE = YES;
				INFOPLIST_KEY_LSApplicationCategoryType = "public.app-category.utilities";
				INFOPLIST_KEY_NSHumanReadableCopyright = "";
				LD_RUNPATH_SEARCH_PATHS = (
					"$(inherited)",
					"@executable_path/../Frameworks",
				);
				MACOSX_DEPLOYMENT_TARGET = 11.5;
				MARKETING_VERSION = 0.1.1;
				PRODUCT_BUNDLE_IDENTIFIER = "Alcyone.E-Z-Subtitles-for-Mac";
				PRODUCT_NAME = "$(TARGET_NAME)";
				SWIFT_EMIT_LOC_STRINGS = YES;
				SWIFT_VERSION = 5.0;
			};
			name = Debug;
		};
		FE9D59D22CE617E300BEC115 /* Release */ = {
			isa = XCBuildConfiguration;
			buildSettings = {
				ASSETCATALOG_COMPILER_APPICON_NAME = AppIcon;
				ASSETCATALOG_COMPILER_GLOBAL_ACCENT_COLOR_NAME = AccentColor;
				ASSETCATALOG_COMPILER_INCLUDE_ALL_APPICON_ASSETS = NO;
				CODE_SIGN_ENTITLEMENTS = "E.Z-Subtitles-for-Mac/E_Z_Subtitles_for_Mac.entitlements";
				"CODE_SIGN_IDENTITY[sdk=macosx*]" = "-";
				CODE_SIGN_STYLE = Automatic;
				COMBINE_HIDPI_IMAGES = YES;
				CURRENT_PROJECT_VERSION = 1;
				DEVELOPMENT_ASSET_PATHS = "\"E.Z-Subtitles-for-Mac/Preview Content\"";
				DEVELOPMENT_TEAM = "";
				ENABLE_PREVIEWS = YES;
				GENERATE_INFOPLIST_FILE = YES;
				INFOPLIST_KEY_LSApplicationCategoryType = "public.app-category.utilities";
				INFOPLIST_KEY_NSHumanReadableCopyright = "";
				LD_RUNPATH_SEARCH_PATHS = (
					"$(inherited)",
					"@executable_path/../Frameworks",
				);
				MACOSX_DEPLOYMENT_TARGET = 11.5;
				MARKETING_VERSION = 0.1.1;
				PRODUCT_BUNDLE_IDENTIFIER = "Alcyone.E-Z-Subtitles-for-Mac";
				PRODUCT_NAME = "$(TARGET_NAME)";
				SWIFT_EMIT_LOC_STRINGS = YES;
				SWIFT_VERSION = 5.0;
			};
			name = Release;
		};
		FE9D59D42CE617E300BEC115 /* Debug */ = {
			isa = XCBuildConfiguration;
			buildSettings = {
				BUNDLE_LOADER = "$(TEST_HOST)";
				CODE_SIGN_STYLE = Automatic;
				CURRENT_PROJECT_VERSION = 1;
				GENERATE_INFOPLIST_FILE = YES;
				MACOSX_DEPLOYMENT_TARGET = 15.1;
				MARKETING_VERSION = 1.0;
				PRODUCT_BUNDLE_IDENTIFIER = "Alcyone.E-Z-Subtitles-for-MacTests";
				PRODUCT_NAME = "$(TARGET_NAME)";
				SWIFT_EMIT_LOC_STRINGS = NO;
				SWIFT_VERSION = 5.0;
				TEST_HOST = "$(BUILT_PRODUCTS_DIR)/E.Z-Subtitles-for-Mac.app/$(BUNDLE_EXECUTABLE_FOLDER_PATH)/E.Z-Subtitles-for-Mac";
			};
			name = Debug;
		};
		FE9D59D52CE617E300BEC115 /* Release */ = {
			isa = XCBuildConfiguration;
			buildSettings = {
				BUNDLE_LOADER = "$(TEST_HOST)";
				CODE_SIGN_STYLE = Automatic;
				CURRENT_PROJECT_VERSION = 1;
				GENERATE_INFOPLIST_FILE = YES;
				MACOSX_DEPLOYMENT_TARGET = 15.1;
				MARKETING_VERSION = 1.0;
				PRODUCT_BUNDLE_IDENTIFIER = "Alcyone.E-Z-Subtitles-for-MacTests";
				PRODUCT_NAME = "$(TARGET_NAME)";
				SWIFT_EMIT_LOC_STRINGS = NO;
				SWIFT_VERSION = 5.0;
				TEST_HOST = "$(BUILT_PRODUCTS_DIR)/E.Z-Subtitles-for-Mac.app/$(BUNDLE_EXECUTABLE_FOLDER_PATH)/E.Z-Subtitles-for-Mac";
			};
			name = Release;
		};
		FE9D59D72CE617E300BEC115 /* Debug */ = {
			isa = XCBuildConfiguration;
			buildSettings = {
				CODE_SIGN_STYLE = Automatic;
				CURRENT_PROJECT_VERSION = 1;
				GENERATE_INFOPLIST_FILE = YES;
				MARKETING_VERSION = 1.0;
				PRODUCT_BUNDLE_IDENTIFIER = "Alcyone.E-Z-Subtitles-for-MacUITests";
				PRODUCT_NAME = "$(TARGET_NAME)";
				SWIFT_EMIT_LOC_STRINGS = NO;
				SWIFT_VERSION = 5.0;
				TEST_TARGET_NAME = "E.Z-Subtitles-for-Mac";
			};
			name = Debug;
		};
		FE9D59D82CE617E300BEC115 /* Release */ = {
			isa = XCBuildConfiguration;
			buildSettings = {
				CODE_SIGN_STYLE = Automatic;
				CURRENT_PROJECT_VERSION = 1;
				GENERATE_INFOPLIST_FILE = YES;
				MARKETING_VERSION = 1.0;
				PRODUCT_BUNDLE_IDENTIFIER = "Alcyone.E-Z-Subtitles-for-MacUITests";
				PRODUCT_NAME = "$(TARGET_NAME)";
				SWIFT_EMIT_LOC_STRINGS = NO;
				SWIFT_VERSION = 5.0;
				TEST_TARGET_NAME = "E.Z-Subtitles-for-Mac";
			};
			name = Release;
		};
/* End XCBuildConfiguration section */

/* Begin XCConfigurationList section */
		FE9D59A62CE617E100BEC115 /* Build configuration list for PBXProject "E.Z-Subtitles-for-Mac" */ = {
			isa = XCConfigurationList;
			buildConfigurations = (
				FE9D59CE2CE617E300BEC115 /* Debug */,
				FE9D59CF2CE617E300BEC115 /* Release */,
			);
			defaultConfigurationIsVisible = 0;
			defaultConfigurationName = Release;
		};
		FE9D59D02CE617E300BEC115 /* Build configuration list for PBXNativeTarget "E.Z Subtitles for Mac" */ = {
			isa = XCConfigurationList;
			buildConfigurations = (
				FE9D59D12CE617E300BEC115 /* Debug */,
				FE9D59D22CE617E300BEC115 /* Release */,
			);
			defaultConfigurationIsVisible = 0;
			defaultConfigurationName = Release;
		};
		FE9D59D32CE617E300BEC115 /* Build configuration list for PBXNativeTarget "E.Z-Subtitles-for-MacTests" */ = {
			isa = XCConfigurationList;
			buildConfigurations = (
				FE9D59D42CE617E300BEC115 /* Debug */,
				FE9D59D52CE617E300BEC115 /* Release */,
			);
			defaultConfigurationIsVisible = 0;
			defaultConfigurationName = Release;
		};
		FE9D59D62CE617E300BEC115 /* Build configuration list for PBXNativeTarget "E.Z-Subtitles-for-MacUITests" */ = {
			isa = XCConfigurationList;
			buildConfigurations = (
				FE9D59D72CE617E300BEC115 /* Debug */,
				FE9D59D82CE617E300BEC115 /* Release */,
			);
			defaultConfigurationIsVisible = 0;
			defaultConfigurationName = Release;
		};
/* End XCConfigurationList section */
	};
	rootObject = FE9D59A32CE617E100BEC115 /* Project object */;
}
